
Microsoft Visual Studio Solution File, Format Version 12.00
# Visual Studio Version 17
VisualStudioVersion = 17.7.34221.43
MinimumVisualStudioVersion = 10.0.40219.1
Project("{FAE04EC0-301F-11D3-BF4B-00C04F79EFBC}") = "ToDoList.API", "ToDoList.API\ToDoList.API.csproj", "{E68E201D-0FAC-49FE-AD8C-5A80AD5BF14F}"
EndProject
Global
	GlobalSection(SolutionConfigurationPlatforms) = preSolution
		Debug|Any CPU = Debug|Any CPU
		Release|Any CPU = Release|Any CPU
	EndGlobalSection
	GlobalSection(ProjectConfigurationPlatforms) = postSolution
		{E68E201D-0FAC-49FE-AD8C-5A80AD5BF14F}.Debug|Any CPU.ActiveCfg = Debug|Any CPU
		{E68E201D-0FAC-49FE-AD8C-5A80AD5BF14F}.Debug|Any CPU.Build.0 = Debug|Any CPU
		{E68E201D-0FAC-49FE-AD8C-5A80AD5BF14F}.Release|Any CPU.ActiveCfg = Release|Any CPU
		{E68E201D-0FAC-49FE-AD8C-5A80AD5BF14F}.Release|Any CPU.Build.0 = Release|Any CPU
	EndGlobalSection
	GlobalSection(SolutionProperties) = preSolution
		HideSolutionNode = FALSE
	EndGlobalSection
	GlobalSection(ExtensibilityGlobals) = postSolution
		SolutionGuid = {7CF65817-5C71-44B0-9AAD-C397F82A667C}
	EndGlobalSection
EndGlobal
